// !$*UTF8*$!
{
	archiveVersion = 1;
	classes = {
	};
	objectVersion = 46;
	objects = {

/* Begin PBXBuildFile section */
		1835CF6819CBF6E400B7DF9B /* RegisterViewController.m in Sources */ = {isa = PBXBuildFile; fileRef = 1835CF6719CBF6E400B7DF9B /* RegisterViewController.m */; };
		1835CF6A19CBF8D200B7DF9B /* xq.png in Resources */ = {isa = PBXBuildFile; fileRef = 1835CF6919CBF8D200B7DF9B /* xq.png */; };
		184AB61919BE961D00BC803E /* MyCell.m in Sources */ = {isa = PBXBuildFile; fileRef = 184AB61719BE961D00BC803E /* MyCell.m */; };
		184AB61A19BE961D00BC803E /* MyCell.xib in Resources */ = {isa = PBXBuildFile; fileRef = 184AB61819BE961D00BC803E /* MyCell.xib */; };
		184F663419D273C8005212D9 /* al1.png in Resources */ = {isa = PBXBuildFile; fileRef = 184F662719D273C7005212D9 /* al1.png */; };
		184F663519D273C8005212D9 /* al2.png in Resources */ = {isa = PBXBuildFile; fileRef = 184F662819D273C7005212D9 /* al2.png */; };
		184F663619D273C8005212D9 /* al3.png in Resources */ = {isa = PBXBuildFile; fileRef = 184F662919D273C7005212D9 /* al3.png */; };
		184F663719D273C8005212D9 /* al4.png in Resources */ = {isa = PBXBuildFile; fileRef = 184F662A19D273C7005212D9 /* al4.png */; };
		184F663819D273C8005212D9 /* al5.png in Resources */ = {isa = PBXBuildFile; fileRef = 184F662B19D273C7005212D9 /* al5.png */; };
		184F663919D273C8005212D9 /* al6.png in Resources */ = {isa = PBXBuildFile; fileRef = 184F662C19D273C7005212D9 /* al6.png */; };
		184F663A19D273C8005212D9 /* al7.png in Resources */ = {isa = PBXBuildFile; fileRef = 184F662D19D273C7005212D9 /* al7.png */; };
		184F663B19D273C8005212D9 /* al8.png in Resources */ = {isa = PBXBuildFile; fileRef = 184F662E19D273C7005212D9 /* al8.png */; };
		184F663C19D273C8005212D9 /* banner.png in Resources */ = {isa = PBXBuildFile; fileRef = 184F662F19D273C7005212D9 /* banner.png */; };
		184F663D19D273C8005212D9 /* bbcp.png in Resources */ = {isa = PBXBuildFile; fileRef = 184F663019D273C7005212D9 /* bbcp.png */; };
		184F663E19D273C8005212D9 /* bbcp1.png in Resources */ = {isa = PBXBuildFile; fileRef = 184F663119D273C7005212D9 /* bbcp1.png */; };
		184F663F19D273C8005212D9 /* dk.png in Resources */ = {isa = PBXBuildFile; fileRef = 184F663219D273C8005212D9 /* dk.png */; };
		184F664019D273C8005212D9 /* xq.png in Resources */ = {isa = PBXBuildFile; fileRef = 184F663319D273C8005212D9 /* xq.png */; };
		184F664319D27455005212D9 /* dh.png in Resources */ = {isa = PBXBuildFile; fileRef = 184F664119D27455005212D9 /* dh.png */; };
		184F664419D27455005212D9 /* gr.png in Resources */ = {isa = PBXBuildFile; fileRef = 184F664219D27455005212D9 /* gr.png */; };
		185862A019B96AFA00427D9E /* CheckViewController.m in Sources */ = {isa = PBXBuildFile; fileRef = 1858629F19B96AFA00427D9E /* CheckViewController.m */; };
		185862A319B96B0200427D9E /* PayViewController.m in Sources */ = {isa = PBXBuildFile; fileRef = 185862A219B96B0200427D9E /* PayViewController.m */; };
		185862A619B96B0C00427D9E /* MoreViewController.m in Sources */ = {isa = PBXBuildFile; fileRef = 185862A519B96B0C00427D9E /* MoreViewController.m */; };
		185862A919B96DE300427D9E /* MainPageViewController.m in Sources */ = {isa = PBXBuildFile; fileRef = 185862A819B96DE300427D9E /* MainPageViewController.m */; };
		1858D24619E396D200E47E96 /* MemberCenterViewController.m in Sources */ = {isa = PBXBuildFile; fileRef = 1858D24519E396D200E47E96 /* MemberCenterViewController.m */; };
		1858D25719E397B500E47E96 /* bj.jpg in Resources */ = {isa = PBXBuildFile; fileRef = 1858D24819E397B500E47E96 /* bj.jpg */; };
		1858D25819E397B500E47E96 /* cz.jpg in Resources */ = {isa = PBXBuildFile; fileRef = 1858D24919E397B500E47E96 /* cz.jpg */; };
		1858D25919E397B500E47E96 /* dh.jpg in Resources */ = {isa = PBXBuildFile; fileRef = 1858D24A19E397B500E47E96 /* dh.jpg */; };
		1858D25A19E397B500E47E96 /* dhh.jpg in Resources */ = {isa = PBXBuildFile; fileRef = 1858D24B19E397B500E47E96 /* dhh.jpg */; };
		1858D25B19E397B500E47E96 /* dhl.jpg in Resources */ = {isa = PBXBuildFile; fileRef = 1858D24C19E397B500E47E96 /* dhl.jpg */; };
		1858D25C19E397B500E47E96 /* dtx.jpg in Resources */ = {isa = PBXBuildFile; fileRef = 1858D24D19E397B500E47E96 /* dtx.jpg */; };
		1858D25D19E397B500E47E96 /* gr.jpg in Resources */ = {isa = PBXBuildFile; fileRef = 1858D24E19E397B500E47E96 /* gr.jpg */; };
		1858D25E19E397B500E47E96 /* gx.jpg in Resources */ = {isa = PBXBuildFile; fileRef = 1858D24F19E397B500E47E96 /* gx.jpg */; };
		1858D25F19E397B500E47E96 /* hd.jpg in Resources */ = {isa = PBXBuildFile; fileRef = 1858D25019E397B500E47E96 /* hd.jpg */; };
		1858D26019E397B500E47E96 /* kf.jpg in Resources */ = {isa = PBXBuildFile; fileRef = 1858D25119E397B500E47E96 /* kf.jpg */; };
		1858D26119E397B500E47E96 /* qb.jpg in Resources */ = {isa = PBXBuildFile; fileRef = 1858D25219E397B500E47E96 /* qb.jpg */; };
		1858D26219E397B500E47E96 /* sj.jpg in Resources */ = {isa = PBXBuildFile; fileRef = 1858D25319E397B500E47E96 /* sj.jpg */; };
		1858D26319E397B500E47E96 /* tx.jpg in Resources */ = {isa = PBXBuildFile; fileRef = 1858D25419E397B500E47E96 /* tx.jpg */; };
		1858D26419E397B500E47E96 /* xl.jpg in Resources */ = {isa = PBXBuildFile; fileRef = 1858D25519E397B500E47E96 /* xl.jpg */; };
		1858D26519E397B500E47E96 /* xx.jpg in Resources */ = {isa = PBXBuildFile; fileRef = 1858D25619E397B500E47E96 /* xx.jpg */; };
		1858D26719E3995500E47E96 /* tx.png in Resources */ = {isa = PBXBuildFile; fileRef = 1858D26619E3995500E47E96 /* tx.png */; };
		1858D26E19E3B4B300E47E96 /* MyCell_MemberCenter.m in Sources */ = {isa = PBXBuildFile; fileRef = 1858D26C19E3B4B300E47E96 /* MyCell_MemberCenter.m */; };
		1858D26F19E3B4B300E47E96 /* MyCell_MemberCenter.xib in Resources */ = {isa = PBXBuildFile; fileRef = 1858D26D19E3B4B300E47E96 /* MyCell_MemberCenter.xib */; };
		1858D27519E3BEAA00E47E96 /* gx.png in Resources */ = {isa = PBXBuildFile; fileRef = 1858D27119E3BEAA00E47E96 /* gx.png */; };
		1858D27619E3BEAA00E47E96 /* kf.png in Resources */ = {isa = PBXBuildFile; fileRef = 1858D27219E3BEAA00E47E96 /* kf.png */; };
		1858D27719E3BEAA00E47E96 /* qb.png in Resources */ = {isa = PBXBuildFile; fileRef = 1858D27319E3BEAA00E47E96 /* qb.png */; };
		1858D27819E3BEAA00E47E96 /* sj.png in Resources */ = {isa = PBXBuildFile; fileRef = 1858D27419E3BEAA00E47E96 /* sj.png */; };
		1858D27B19E3C18700E47E96 /* ChargeViewController.m in Sources */ = {isa = PBXBuildFile; fileRef = 1858D27A19E3C18700E47E96 /* ChargeViewController.m */; };
		18753F2C19CA653E0096772B /* banner.png in Resources */ = {isa = PBXBuildFile; fileRef = 18753F1819CA653E0096772B /* banner.png */; };
		18753F2D19CA653E0096772B /* cpt.png in Resources */ = {isa = PBXBuildFile; fileRef = 18753F1919CA653E0096772B /* cpt.png */; };
		18753F2E19CA653E0096772B /* dbtb_40.png in Resources */ = {isa = PBXBuildFile; fileRef = 18753F1A19CA653E0096772B /* dbtb_40.png */; };
		18753F2F19CA653E0096772B /* dbtb_42.png in Resources */ = {isa = PBXBuildFile; fileRef = 18753F1B19CA653E0096772B /* dbtb_42.png */; };
		18753F3019CA653E0096772B /* dbtb_45.png in Resources */ = {isa = PBXBuildFile; fileRef = 18753F1C19CA653E0096772B /* dbtb_45.png */; };
		18753F3119CA653E0096772B /* dbtb_48.png in Resources */ = {isa = PBXBuildFile; fileRef = 18753F1D19CA653E0096772B /* dbtb_48.png */; };
		18753F3319CA653E0096772B /* ICO_09.png in Resources */ = {isa = PBXBuildFile; fileRef = 18753F1F19CA653E0096772B /* ICO_09.png */; };
		18753F3419CA653E0096772B /* ICO_11.png in Resources */ = {isa = PBXBuildFile; fileRef = 18753F2019CA653E0096772B /* ICO_11.png */; };
		18753F3519CA653E0096772B /* ICO_13.png in Resources */ = {isa = PBXBuildFile; fileRef = 18753F2119CA653E0096772B /* ICO_13.png */; };
		18753F3619CA653E0096772B /* ICO_15.png in Resources */ = {isa = PBXBuildFile; fileRef = 18753F2219CA653E0096772B /* ICO_15.png */; };
		18753F3719CA653E0096772B /* ICO_21.png in Resources */ = {isa = PBXBuildFile; fileRef = 18753F2319CA653E0096772B /* ICO_21.png */; };
		18753F3819CA653E0096772B /* ICO_22.png in Resources */ = {isa = PBXBuildFile; fileRef = 18753F2419CA653E0096772B /* ICO_22.png */; };
		18753F3919CA653E0096772B /* ICO_23.png in Resources */ = {isa = PBXBuildFile; fileRef = 18753F2519CA653E0096772B /* ICO_23.png */; };
		18753F3A19CA653E0096772B /* ICO_24.png in Resources */ = {isa = PBXBuildFile; fileRef = 18753F2619CA653E0096772B /* ICO_24.png */; };
		18753F3B19CA653E0096772B /* ss.png in Resources */ = {isa = PBXBuildFile; fileRef = 18753F2719CA653E0096772B /* ss.png */; };
		18753F3C19CA653E0096772B /* tb_yb.png in Resources */ = {isa = PBXBuildFile; fileRef = 18753F2819CA653E0096772B /* tb_yb.png */; };
		18753F3D19CA653E0096772B /* tb_zb.png in Resources */ = {isa = PBXBuildFile; fileRef = 18753F2919CA653E0096772B /* tb_zb.png */; };
		18753F3E19CA653E0096772B /* xk.png in Resources */ = {isa = PBXBuildFile; fileRef = 18753F2A19CA653E0096772B /* xk.png */; };
		18753F3F19CA653E0096772B /* zjk.png in Resources */ = {isa = PBXBuildFile; fileRef = 18753F2B19CA653E0096772B /* zjk.png */; };
		18753F4E19CAD2C80096772B /* SignInViewController.m in Sources */ = {isa = PBXBuildFile; fileRef = 18753F4D19CAD2C80096772B /* SignInViewController.m */; };
		18753F5819CAD5AF0096772B /* sjdl.png in Resources */ = {isa = PBXBuildFile; fileRef = 18753F5019CAD5AF0096772B /* sjdl.png */; };
		18753F5919CAD5AF0096772B /* sjmm.png in Resources */ = {isa = PBXBuildFile; fileRef = 18753F5119CAD5AF0096772B /* sjmm.png */; };
		18753F5A19CAD5AF0096772B /* x.png in Resources */ = {isa = PBXBuildFile; fileRef = 18753F5219CAD5AF0096772B /* x.png */; };
		18753F5B19CAD5AF0096772B /* yq.png in Resources */ = {isa = PBXBuildFile; fileRef = 18753F5319CAD5AF0096772B /* yq.png */; };
		18753F5C19CAD5AF0096772B /* yq_down.png in Resources */ = {isa = PBXBuildFile; fileRef = 18753F5419CAD5AF0096772B /* yq_down.png */; };
		18753F5D19CAD5AF0096772B /* zck.png in Resources */ = {isa = PBXBuildFile; fileRef = 18753F5519CAD5AF0096772B /* zck.png */; };
		18753F5E19CAD5AF0096772B /* zck2.png in Resources */ = {isa = PBXBuildFile; fileRef = 18753F5619CAD5AF0096772B /* zck2.png */; };
		18753F5F19CAD5AF0096772B /* zck3.png in Resources */ = {isa = PBXBuildFile; fileRef = 18753F5719CAD5AF0096772B /* zck3.png */; };
		188AAE4319D1625A008C292B /* FogetPasswordViewController.m in Sources */ = {isa = PBXBuildFile; fileRef = 188AAE4219D1625A008C292B /* FogetPasswordViewController.m */; };
		18FC48FD19B963FD00C740FE /* main.m in Sources */ = {isa = PBXBuildFile; fileRef = 18FC48FC19B963FD00C740FE /* main.m */; };
		18FC490019B963FD00C740FE /* AppDelegate.m in Sources */ = {isa = PBXBuildFile; fileRef = 18FC48FF19B963FD00C740FE /* AppDelegate.m */; };
		18FC490319B963FD00C740FE /* ViewController.m in Sources */ = {isa = PBXBuildFile; fileRef = 18FC490219B963FD00C740FE /* ViewController.m */; };
		18FC490619B963FD00C740FE /* Main.storyboard in Resources */ = {isa = PBXBuildFile; fileRef = 18FC490419B963FD00C740FE /* Main.storyboard */; };
		18FC490819B963FD00C740FE /* Images.xcassets in Resources */ = {isa = PBXBuildFile; fileRef = 18FC490719B963FD00C740FE /* Images.xcassets */; };
		18FC491419B963FD00C740FE /* lianlianwinTests.m in Sources */ = {isa = PBXBuildFile; fileRef = 18FC491319B963FD00C740FE /* lianlianwinTests.m */; };
		18FC491F19B9648900C740FE /* DDMenuController.m in Sources */ = {isa = PBXBuildFile; fileRef = 18FC491E19B9648900C740FE /* DDMenuController.m */; };
		18FC492219B966AB00C740FE /* LeftViewController.m in Sources */ = {isa = PBXBuildFile; fileRef = 18FC492119B966AB00C740FE /* LeftViewController.m */; };
		18FC492519B966B600C740FE /* RightViewController.m in Sources */ = {isa = PBXBuildFile; fileRef = 18FC492419B966B600C740FE /* RightViewController.m */; };
		18FC492719B9678600C740FE /* nav_menu_icon@2x.png in Resources */ = {isa = PBXBuildFile; fileRef = 18FC492619B9678600C740FE /* nav_menu_icon@2x.png */; };
		18FC492919B967AF00C740FE /* nav_menu_icon.png in Resources */ = {isa = PBXBuildFile; fileRef = 18FC492819B967AF00C740FE /* nav_menu_icon.png */; };
/* End PBXBuildFile section */

/* Begin PBXContainerItemProxy section */
		18FC490E19B963FD00C740FE /* PBXContainerItemProxy */ = {
			isa = PBXContainerItemProxy;
			containerPortal = 18FC48EF19B963FD00C740FE /* Project object */;
			proxyType = 1;
			remoteGlobalIDString = 18FC48F619B963FD00C740FE;
			remoteInfo = lianlianwin;
		};
/* End PBXContainerItemProxy section */

/* Begin PBXFileReference section */
		1835CF6619CBF6E400B7DF9B /* RegisterViewController.h */ = {isa = PBXFileReference; fileEncoding = 4; lastKnownFileType = sourcecode.c.h; path = RegisterViewController.h; sourceTree = "<group>"; };
		1835CF6719CBF6E400B7DF9B /* RegisterViewController.m */ = {isa = PBXFileReference; fileEncoding = 4; lastKnownFileType = sourcecode.c.objc; path = RegisterViewController.m; sourceTree = "<group>"; };
		1835CF6919CBF8D200B7DF9B /* xq.png */ = {isa = PBXFileReference; lastKnownFileType = image.png; path = xq.png; sourceTree = "<group>"; };
		184AB61619BE961D00BC803E /* MyCell.h */ = {isa = PBXFileReference; fileEncoding = 4; lastKnownFileType = sourcecode.c.h; path = MyCell.h; sourceTree = "<group>"; };
		184AB61719BE961D00BC803E /* MyCell.m */ = {isa = PBXFileReference; fileEncoding = 4; lastKnownFileType = sourcecode.c.objc; path = MyCell.m; sourceTree = "<group>"; };
		184AB61819BE961D00BC803E /* MyCell.xib */ = {isa = PBXFileReference; fileEncoding = 4; lastKnownFileType = file.xib; path = MyCell.xib; sourceTree = "<group>"; };
		184F662719D273C7005212D9 /* al1.png */ = {isa = PBXFileReference; lastKnownFileType = image.png; path = al1.png; sourceTree = "<group>"; };
		184F662819D273C7005212D9 /* al2.png */ = {isa = PBXFileReference; lastKnownFileType = image.png; path = al2.png; sourceTree = "<group>"; };
		184F662919D273C7005212D9 /* al3.png */ = {isa = PBXFileReference; lastKnownFileType = image.png; path = al3.png; sourceTree = "<group>"; };
		184F662A19D273C7005212D9 /* al4.png */ = {isa = PBXFileReference; lastKnownFileType = image.png; path = al4.png; sourceTree = "<group>"; };
		184F662B19D273C7005212D9 /* al5.png */ = {isa = PBXFileReference; lastKnownFileType = image.png; path = al5.png; sourceTree = "<group>"; };
		184F662C19D273C7005212D9 /* al6.png */ = {isa = PBXFileReference; lastKnownFileType = image.png; path = al6.png; sourceTree = "<group>"; };
		184F662D19D273C7005212D9 /* al7.png */ = {isa = PBXFileReference; lastKnownFileType = image.png; path = al7.png; sourceTree = "<group>"; };
		184F662E19D273C7005212D9 /* al8.png */ = {isa = PBXFileReference; lastKnownFileType = image.png; path = al8.png; sourceTree = "<group>"; };
		184F662F19D273C7005212D9 /* banner.png */ = {isa = PBXFileReference; lastKnownFileType = image.png; path = banner.png; sourceTree = "<group>"; };
		184F663019D273C7005212D9 /* bbcp.png */ = {isa = PBXFileReference; lastKnownFileType = image.png; path = bbcp.png; sourceTree = "<group>"; };
		184F663119D273C7005212D9 /* bbcp1.png */ = {isa = PBXFileReference; lastKnownFileType = image.png; path = bbcp1.png; sourceTree = "<group>"; };
		184F663219D273C8005212D9 /* dk.png */ = {isa = PBXFileReference; lastKnownFileType = image.png; path = dk.png; sourceTree = "<group>"; };
		184F663319D273C8005212D9 /* xq.png */ = {isa = PBXFileReference; lastKnownFileType = image.png; path = xq.png; sourceTree = "<group>"; };
		184F664119D27455005212D9 /* dh.png */ = {isa = PBXFileReference; lastKnownFileType = image.png; path = dh.png; sourceTree = "<group>"; };
		184F664219D27455005212D9 /* gr.png */ = {isa = PBXFileReference; lastKnownFileType = image.png; path = gr.png; sourceTree = "<group>"; };
		1858629E19B96AFA00427D9E /* CheckViewController.h */ = {isa = PBXFileReference; fileEncoding = 4; lastKnownFileType = sourcecode.c.h; path = CheckViewController.h; sourceTree = "<group>"; };
		1858629F19B96AFA00427D9E /* CheckViewController.m */ = {isa = PBXFileReference; fileEncoding = 4; lastKnownFileType = sourcecode.c.objc; path = CheckViewController.m; sourceTree = "<group>"; };
		185862A119B96B0200427D9E /* PayViewController.h */ = {isa = PBXFileReference; fileEncoding = 4; lastKnownFileType = sourcecode.c.h; path = PayViewController.h; sourceTree = "<group>"; };
		185862A219B96B0200427D9E /* PayViewController.m */ = {isa = PBXFileReference; fileEncoding = 4; lastKnownFileType = sourcecode.c.objc; path = PayViewController.m; sourceTree = "<group>"; };
		185862A419B96B0C00427D9E /* MoreViewController.h */ = {isa = PBXFileReference; fileEncoding = 4; lastKnownFileType = sourcecode.c.h; path = MoreViewController.h; sourceTree = "<group>"; };
		185862A519B96B0C00427D9E /* MoreViewController.m */ = {isa = PBXFileReference; fileEncoding = 4; lastKnownFileType = sourcecode.c.objc; path = MoreViewController.m; sourceTree = "<group>"; };
		185862A719B96DE300427D9E /* MainPageViewController.h */ = {isa = PBXFileReference; fileEncoding = 4; lastKnownFileType = sourcecode.c.h; path = MainPageViewController.h; sourceTree = "<group>"; };
		185862A819B96DE300427D9E /* MainPageViewController.m */ = {isa = PBXFileReference; fileEncoding = 4; lastKnownFileType = sourcecode.c.objc; path = MainPageViewController.m; sourceTree = "<group>"; };
		1858D24419E396D200E47E96 /* MemberCenterViewController.h */ = {isa = PBXFileReference; fileEncoding = 4; lastKnownFileType = sourcecode.c.h; path = MemberCenterViewController.h; sourceTree = "<group>"; };
		1858D24519E396D200E47E96 /* MemberCenterViewController.m */ = {isa = PBXFileReference; fileEncoding = 4; lastKnownFileType = sourcecode.c.objc; path = MemberCenterViewController.m; sourceTree = "<group>"; };
		1858D24819E397B500E47E96 /* bj.jpg */ = {isa = PBXFileReference; lastKnownFileType = image.jpeg; path = bj.jpg; sourceTree = "<group>"; };
		1858D24919E397B500E47E96 /* cz.jpg */ = {isa = PBXFileReference; lastKnownFileType = image.jpeg; path = cz.jpg; sourceTree = "<group>"; };
		1858D24A19E397B500E47E96 /* dh.jpg */ = {isa = PBXFileReference; lastKnownFileType = image.jpeg; path = dh.jpg; sourceTree = "<group>"; };
		1858D24B19E397B500E47E96 /* dhh.jpg */ = {isa = PBXFileReference; lastKnownFileType = image.jpeg; path = dhh.jpg; sourceTree = "<group>"; };
		1858D24C19E397B500E47E96 /* dhl.jpg */ = {isa = PBXFileReference; lastKnownFileType = image.jpeg; path = dhl.jpg; sourceTree = "<group>"; };
		1858D24D19E397B500E47E96 /* dtx.jpg */ = {isa = PBXFileReference; lastKnownFileType = image.jpeg; path = dtx.jpg; sourceTree = "<group>"; };
		1858D24E19E397B500E47E96 /* gr.jpg */ = {isa = PBXFileReference; lastKnownFileType = image.jpeg; path = gr.jpg; sourceTree = "<group>"; };
		1858D24F19E397B500E47E96 /* gx.jpg */ = {isa = PBXFileReference; lastKnownFileType = image.jpeg; path = gx.jpg; sourceTree = "<group>"; };
		1858D25019E397B500E47E96 /* hd.jpg */ = {isa = PBXFileReference; lastKnownFileType = image.jpeg; path = hd.jpg; sourceTree = "<group>"; };
		1858D25119E397B500E47E96 /* kf.jpg */ = {isa = PBXFileReference; lastKnownFileType = image.jpeg; path = kf.jpg; sourceTree = "<group>"; };
		1858D25219E397B500E47E96 /* qb.jpg */ = {isa = PBXFileReference; lastKnownFileType = image.jpeg; path = qb.jpg; sourceTree = "<group>"; };
		1858D25319E397B500E47E96 /* sj.jpg */ = {isa = PBXFileReference; lastKnownFileType = image.jpeg; path = sj.jpg; sourceTree = "<group>"; };
		1858D25419E397B500E47E96 /* tx.jpg */ = {isa = PBXFileReference; lastKnownFileType = image.jpeg; path = tx.jpg; sourceTree = "<group>"; };
		1858D25519E397B500E47E96 /* xl.jpg */ = {isa = PBXFileReference; lastKnownFileType = image.jpeg; path = xl.jpg; sourceTree = "<group>"; };
		1858D25619E397B500E47E96 /* xx.jpg */ = {isa = PBXFileReference; lastKnownFileType = image.jpeg; path = xx.jpg; sourceTree = "<group>"; };
		1858D26619E3995500E47E96 /* tx.png */ = {isa = PBXFileReference; lastKnownFileType = image.png; path = tx.png; sourceTree = "<group>"; };
		1858D26B19E3B4B300E47E96 /* MyCell_MemberCenter.h */ = {isa = PBXFileReference; fileEncoding = 4; lastKnownFileType = sourcecode.c.h; path = MyCell_MemberCenter.h; sourceTree = "<group>"; };
		1858D26C19E3B4B300E47E96 /* MyCell_MemberCenter.m */ = {isa = PBXFileReference; fileEncoding = 4; lastKnownFileType = sourcecode.c.objc; path = MyCell_MemberCenter.m; sourceTree = "<group>"; };
		1858D26D19E3B4B300E47E96 /* MyCell_MemberCenter.xib */ = {isa = PBXFileReference; fileEncoding = 4; lastKnownFileType = file.xib; path = MyCell_MemberCenter.xib; sourceTree = "<group>"; };
		1858D27119E3BEAA00E47E96 /* gx.png */ = {isa = PBXFileReference; lastKnownFileType = image.png; path = gx.png; sourceTree = "<group>"; };
		1858D27219E3BEAA00E47E96 /* kf.png */ = {isa = PBXFileReference; lastKnownFileType = image.png; path = kf.png; sourceTree = "<group>"; };
		1858D27319E3BEAA00E47E96 /* qb.png */ = {isa = PBXFileReference; lastKnownFileType = image.png; path = qb.png; sourceTree = "<group>"; };
		1858D27419E3BEAA00E47E96 /* sj.png */ = {isa = PBXFileReference; lastKnownFileType = image.png; path = sj.png; sourceTree = "<group>"; };
		1858D27919E3C18700E47E96 /* ChargeViewController.h */ = {isa = PBXFileReference; fileEncoding = 4; lastKnownFileType = sourcecode.c.h; path = ChargeViewController.h; sourceTree = "<group>"; };
		1858D27A19E3C18700E47E96 /* ChargeViewController.m */ = {isa = PBXFileReference; fileEncoding = 4; lastKnownFileType = sourcecode.c.objc; path = ChargeViewController.m; sourceTree = "<group>"; };
		18753F1819CA653E0096772B /* banner.png */ = {isa = PBXFileReference; lastKnownFileType = image.png; path = banner.png; sourceTree = "<group>"; };
		18753F1919CA653E0096772B /* cpt.png */ = {isa = PBXFileReference; lastKnownFileType = image.png; path = cpt.png; sourceTree = "<group>"; };
		18753F1A19CA653E0096772B /* dbtb_40.png */ = {isa = PBXFileReference; lastKnownFileType = image.png; path = dbtb_40.png; sourceTree = "<group>"; };
		18753F1B19CA653E0096772B /* dbtb_42.png */ = {isa = PBXFileReference; lastKnownFileType = image.png; path = dbtb_42.png; sourceTree = "<group>"; };
		18753F1C19CA653E0096772B /* dbtb_45.png */ = {isa = PBXFileReference; lastKnownFileType = image.png; path = dbtb_45.png; sourceTree = "<group>"; };
		18753F1D19CA653E0096772B /* dbtb_48.png */ = {isa = PBXFileReference; lastKnownFileType = image.png; path = dbtb_48.png; sourceTree = "<group>"; };
		18753F1F19CA653E0096772B /* ICO_09.png */ = {isa = PBXFileReference; lastKnownFileType = image.png; path = ICO_09.png; sourceTree = "<group>"; };
		18753F2019CA653E0096772B /* ICO_11.png */ = {isa = PBXFileReference; lastKnownFileType = image.png; path = ICO_11.png; sourceTree = "<group>"; };
		18753F2119CA653E0096772B /* ICO_13.png */ = {isa = PBXFileReference; lastKnownFileType = image.png; path = ICO_13.png; sourceTree = "<group>"; };
		18753F2219CA653E0096772B /* ICO_15.png */ = {isa = PBXFileReference; lastKnownFileType = image.png; path = ICO_15.png; sourceTree = "<group>"; };
		18753F2319CA653E0096772B /* ICO_21.png */ = {isa = PBXFileReference; lastKnownFileType = image.png; path = ICO_21.png; sourceTree = "<group>"; };
		18753F2419CA653E0096772B /* ICO_22.png */ = {isa = PBXFileReference; lastKnownFileType = image.png; path = ICO_22.png; sourceTree = "<group>"; };
		18753F2519CA653E0096772B /* ICO_23.png */ = {isa = PBXFileReference; lastKnownFileType = image.png; path = ICO_23.png; sourceTree = "<group>"; };
		18753F2619CA653E0096772B /* ICO_24.png */ = {isa = PBXFileReference; lastKnownFileType = image.png; path = ICO_24.png; sourceTree = "<group>"; };
		18753F2719CA653E0096772B /* ss.png */ = {isa = PBXFileReference; lastKnownFileType = image.png; path = ss.png; sourceTree = "<group>"; };
		18753F2819CA653E0096772B /* tb_yb.png */ = {isa = PBXFileReference; lastKnownFileType = image.png; path = tb_yb.png; sourceTree = "<group>"; };
		18753F2919CA653E0096772B /* tb_zb.png */ = {isa = PBXFileReference; lastKnownFileType = image.png; path = tb_zb.png; sourceTree = "<group>"; };
		18753F2A19CA653E0096772B /* xk.png */ = {isa = PBXFileReference; lastKnownFileType = image.png; path = xk.png; sourceTree = "<group>"; };
		18753F2B19CA653E0096772B /* zjk.png */ = {isa = PBXFileReference; lastKnownFileType = image.png; path = zjk.png; sourceTree = "<group>"; };
		18753F4C19CAD2C80096772B /* SignInViewController.h */ = {isa = PBXFileReference; fileEncoding = 4; lastKnownFileType = sourcecode.c.h; path = SignInViewController.h; sourceTree = "<group>"; };
		18753F4D19CAD2C80096772B /* SignInViewController.m */ = {isa = PBXFileReference; fileEncoding = 4; lastKnownFileType = sourcecode.c.objc; path = SignInViewController.m; sourceTree = "<group>"; };
		18753F5019CAD5AF0096772B /* sjdl.png */ = {isa = PBXFileReference; lastKnownFileType = image.png; path = sjdl.png; sourceTree = "<group>"; };
		18753F5119CAD5AF0096772B /* sjmm.png */ = {isa = PBXFileReference; lastKnownFileType = image.png; path = sjmm.png; sourceTree = "<group>"; };
		18753F5219CAD5AF0096772B /* x.png */ = {isa = PBXFileReference; lastKnownFileType = image.png; path = x.png; sourceTree = "<group>"; };
		18753F5319CAD5AF0096772B /* yq.png */ = {isa = PBXFileReference; lastKnownFileType = image.png; path = yq.png; sourceTree = "<group>"; };
		18753F5419CAD5AF0096772B /* yq_down.png */ = {isa = PBXFileReference; lastKnownFileType = image.png; path = yq_down.png; sourceTree = "<group>"; };
		18753F5519CAD5AF0096772B /* zck.png */ = {isa = PBXFileReference; lastKnownFileType = image.png; path = zck.png; sourceTree = "<group>"; };
		18753F5619CAD5AF0096772B /* zck2.png */ = {isa = PBXFileReference; lastKnownFileType = image.png; path = zck2.png; sourceTree = "<group>"; };
		18753F5719CAD5AF0096772B /* zck3.png */ = {isa = PBXFileReference; lastKnownFileType = image.png; path = zck3.png; sourceTree = "<group>"; };
		188AAE4119D1625A008C292B /* FogetPasswordViewController.h */ = {isa = PBXFileReference; fileEncoding = 4; lastKnownFileType = sourcecode.c.h; path = FogetPasswordViewController.h; sourceTree = "<group>"; };
		188AAE4219D1625A008C292B /* FogetPasswordViewController.m */ = {isa = PBXFileReference; fileEncoding = 4; lastKnownFileType = sourcecode.c.objc; path = FogetPasswordViewController.m; sourceTree = "<group>"; };
		18FC48F719B963FD00C740FE /* LLY.app */ = {isa = PBXFileReference; explicitFileType = wrapper.application; includeInIndex = 0; path = LLY.app; sourceTree = BUILT_PRODUCTS_DIR; };
		18FC48FB19B963FD00C740FE /* Info.plist */ = {isa = PBXFileReference; lastKnownFileType = text.plist.xml; path = Info.plist; sourceTree = "<group>"; };
		18FC48FC19B963FD00C740FE /* main.m */ = {isa = PBXFileReference; lastKnownFileType = sourcecode.c.objc; path = main.m; sourceTree = "<group>"; };
		18FC48FE19B963FD00C740FE /* AppDelegate.h */ = {isa = PBXFileReference; lastKnownFileType = sourcecode.c.h; path = AppDelegate.h; sourceTree = "<group>"; };
		18FC48FF19B963FD00C740FE /* AppDelegate.m */ = {isa = PBXFileReference; lastKnownFileType = sourcecode.c.objc; path = AppDelegate.m; sourceTree = "<group>"; };
		18FC490119B963FD00C740FE /* ViewController.h */ = {isa = PBXFileReference; lastKnownFileType = sourcecode.c.h; path = ViewController.h; sourceTree = "<group>"; };
		18FC490219B963FD00C740FE /* ViewController.m */ = {isa = PBXFileReference; lastKnownFileType = sourcecode.c.objc; path = ViewController.m; sourceTree = "<group>"; };
		18FC490519B963FD00C740FE /* Base */ = {isa = PBXFileReference; lastKnownFileType = file.storyboard; name = Base; path = Base.lproj/Main.storyboard; sourceTree = "<group>"; };
		18FC490719B963FD00C740FE /* Images.xcassets */ = {isa = PBXFileReference; lastKnownFileType = folder.assetcatalog; path = Images.xcassets; sourceTree = "<group>"; };
		18FC490D19B963FD00C740FE /* LLYTests.xctest */ = {isa = PBXFileReference; explicitFileType = wrapper.cfbundle; includeInIndex = 0; path = LLYTests.xctest; sourceTree = BUILT_PRODUCTS_DIR; };
		18FC491219B963FD00C740FE /* Info.plist */ = {isa = PBXFileReference; lastKnownFileType = text.plist.xml; path = Info.plist; sourceTree = "<group>"; };
		18FC491319B963FD00C740FE /* lianlianwinTests.m */ = {isa = PBXFileReference; lastKnownFileType = sourcecode.c.objc; path = lianlianwinTests.m; sourceTree = "<group>"; };
		18FC491D19B9648900C740FE /* DDMenuController.h */ = {isa = PBXFileReference; fileEncoding = 4; lastKnownFileType = sourcecode.c.h; path = DDMenuController.h; sourceTree = "<group>"; };
		18FC491E19B9648900C740FE /* DDMenuController.m */ = {isa = PBXFileReference; fileEncoding = 4; lastKnownFileType = sourcecode.c.objc; path = DDMenuController.m; sourceTree = "<group>"; };
		18FC492019B966AB00C740FE /* LeftViewController.h */ = {isa = PBXFileReference; fileEncoding = 4; lastKnownFileType = sourcecode.c.h; path = LeftViewController.h; sourceTree = "<group>"; };
		18FC492119B966AB00C740FE /* LeftViewController.m */ = {isa = PBXFileReference; fileEncoding = 4; lastKnownFileType = sourcecode.c.objc; path = LeftViewController.m; sourceTree = "<group>"; };
		18FC492319B966B600C740FE /* RightViewController.h */ = {isa = PBXFileReference; fileEncoding = 4; lastKnownFileType = sourcecode.c.h; path = RightViewController.h; sourceTree = "<group>"; };
		18FC492419B966B600C740FE /* RightViewController.m */ = {isa = PBXFileReference; fileEncoding = 4; lastKnownFileType = sourcecode.c.objc; path = RightViewController.m; sourceTree = "<group>"; };
		18FC492619B9678600C740FE /* nav_menu_icon@2x.png */ = {isa = PBXFileReference; lastKnownFileType = image.png; path = "nav_menu_icon@2x.png"; sourceTree = "<group>"; };
		18FC492819B967AF00C740FE /* nav_menu_icon.png */ = {isa = PBXFileReference; lastKnownFileType = image.png; path = nav_menu_icon.png; sourceTree = "<group>"; };
/* End PBXFileReference section */

/* Begin PBXFrameworksBuildPhase section */
		18FC48F419B963FD00C740FE /* Frameworks */ = {
			isa = PBXFrameworksBuildPhase;
			buildActionMask = 2147483647;
			files = (
			);
			runOnlyForDeploymentPostprocessing = 0;
		};
		18FC490A19B963FD00C740FE /* Frameworks */ = {
			isa = PBXFrameworksBuildPhase;
			buildActionMask = 2147483647;
			files = (
			);
			runOnlyForDeploymentPostprocessing = 0;
		};
/* End PBXFrameworksBuildPhase section */

/* Begin PBXGroup section */
		184F662619D273C7005212D9 /* 首页PNG2 */ = {
			isa = PBXGroup;
			children = (
				184F664119D27455005212D9 /* dh.png */,
				184F664219D27455005212D9 /* gr.png */,
				184F662719D273C7005212D9 /* al1.png */,
				184F662819D273C7005212D9 /* al2.png */,
				184F662919D273C7005212D9 /* al3.png */,
				184F662A19D273C7005212D9 /* al4.png */,
				184F662B19D273C7005212D9 /* al5.png */,
				184F662C19D273C7005212D9 /* al6.png */,
				184F662D19D273C7005212D9 /* al7.png */,
				184F662E19D273C7005212D9 /* al8.png */,
				184F662F19D273C7005212D9 /* banner.png */,
				184F663019D273C7005212D9 /* bbcp.png */,
				184F663119D273C7005212D9 /* bbcp1.png */,
				184F663219D273C8005212D9 /* dk.png */,
				184F663319D273C8005212D9 /* xq.png */,
			);
			path = "首页PNG2";
			sourceTree = "<group>";
		};
		1858D24319E3968E00E47E96 /* 侧边栏 */ = {
			isa = PBXGroup;
			children = (
				18FC492019B966AB00C740FE /* LeftViewController.h */,
				18FC492119B966AB00C740FE /* LeftViewController.m */,
				18FC492319B966B600C740FE /* RightViewController.h */,
				18FC492419B966B600C740FE /* RightViewController.m */,
			);
			name = "侧边栏";
			sourceTree = "<group>";
		};
		1858D24719E397B500E47E96 /* 个人中心切JPG */ = {
			isa = PBXGroup;
			children = (
				1858D24819E397B500E47E96 /* bj.jpg */,
				1858D24919E397B500E47E96 /* cz.jpg */,
				1858D24A19E397B500E47E96 /* dh.jpg */,
				1858D24B19E397B500E47E96 /* dhh.jpg */,
				1858D24C19E397B500E47E96 /* dhl.jpg */,
				1858D24D19E397B500E47E96 /* dtx.jpg */,
				1858D24E19E397B500E47E96 /* gr.jpg */,
				1858D24F19E397B500E47E96 /* gx.jpg */,
				1858D25019E397B500E47E96 /* hd.jpg */,
				1858D25119E397B500E47E96 /* kf.jpg */,
				1858D25219E397B500E47E96 /* qb.jpg */,
				1858D25319E397B500E47E96 /* sj.jpg */,
				1858D25419E397B500E47E96 /* tx.jpg */,
				1858D26619E3995500E47E96 /* tx.png */,
				1858D25519E397B500E47E96 /* xl.jpg */,
				1858D25619E397B500E47E96 /* xx.jpg */,
				1858D27119E3BEAA00E47E96 /* gx.png */,
				1858D27219E3BEAA00E47E96 /* kf.png */,
				1858D27319E3BEAA00E47E96 /* qb.png */,
				1858D27419E3BEAA00E47E96 /* sj.png */,
			);
			path = "个人中心切JPG";
			sourceTree = "<group>";
		};
		1858D27019E3B4C500E47E96 /* TableViewCell */ = {
			isa = PBXGroup;
			children = (
				184AB61619BE961D00BC803E /* MyCell.h */,
				184AB61719BE961D00BC803E /* MyCell.m */,
				184AB61819BE961D00BC803E /* MyCell.xib */,
				1858D26B19E3B4B300E47E96 /* MyCell_MemberCenter.h */,
				1858D26C19E3B4B300E47E96 /* MyCell_MemberCenter.m */,
				1858D26D19E3B4B300E47E96 /* MyCell_MemberCenter.xib */,
			);
			name = TableViewCell;
			sourceTree = "<group>";
		};
		18753F1719CA653E0096772B /* 首页png */ = {
			isa = PBXGroup;
			children = (
				18753F1819CA653E0096772B /* banner.png */,
				18753F1919CA653E0096772B /* cpt.png */,
				18753F1A19CA653E0096772B /* dbtb_40.png */,
				18753F1B19CA653E0096772B /* dbtb_42.png */,
				18753F1C19CA653E0096772B /* dbtb_45.png */,
				18753F1D19CA653E0096772B /* dbtb_48.png */,
				18753F1F19CA653E0096772B /* ICO_09.png */,
				18753F2019CA653E0096772B /* ICO_11.png */,
				18753F2119CA653E0096772B /* ICO_13.png */,
				18753F2219CA653E0096772B /* ICO_15.png */,
				18753F2319CA653E0096772B /* ICO_21.png */,
				18753F2419CA653E0096772B /* ICO_22.png */,
				18753F2519CA653E0096772B /* ICO_23.png */,
				18753F2619CA653E0096772B /* ICO_24.png */,
				18753F2719CA653E0096772B /* ss.png */,
				18753F2819CA653E0096772B /* tb_yb.png */,
				18753F2919CA653E0096772B /* tb_zb.png */,
				18753F2A19CA653E0096772B /* xk.png */,
				18753F2B19CA653E0096772B /* zjk.png */,
			);
			path = "首页png";
			sourceTree = "<group>";
		};
		18753F4F19CAD5AF0096772B /* 登录png */ = {
			isa = PBXGroup;
			children = (
				1835CF6919CBF8D200B7DF9B /* xq.png */,
				18753F5019CAD5AF0096772B /* sjdl.png */,
				18753F5119CAD5AF0096772B /* sjmm.png */,
				18753F5219CAD5AF0096772B /* x.png */,
				18753F5319CAD5AF0096772B /* yq.png */,
				18753F5419CAD5AF0096772B /* yq_down.png */,
				18753F5519CAD5AF0096772B /* zck.png */,
				18753F5619CAD5AF0096772B /* zck2.png */,
				18753F5719CAD5AF0096772B /* zck3.png */,
			);
			path = "登录png";
			sourceTree = "<group>";
		};
		18FC48EE19B963FD00C740FE = {
			isa = PBXGroup;
			children = (
				18FC48F919B963FD00C740FE /* lianlianwin */,
				18FC491019B963FD00C740FE /* lianlianwinTests */,
				18FC48F819B963FD00C740FE /* Products */,
			);
			sourceTree = "<group>";
		};
		18FC48F819B963FD00C740FE /* Products */ = {
			isa = PBXGroup;
			children = (
				18FC48F719B963FD00C740FE /* LLY.app */,
				18FC490D19B963FD00C740FE /* LLYTests.xctest */,
			);
			name = Products;
			sourceTree = "<group>";
		};
		18FC48F919B963FD00C740FE /* lianlianwin */ = {
			isa = PBXGroup;
			children = (
				18FC48FE19B963FD00C740FE /* AppDelegate.h */,
				18FC48FF19B963FD00C740FE /* AppDelegate.m */,
				18FC492819B967AF00C740FE /* nav_menu_icon.png */,
				18FC492619B9678600C740FE /* nav_menu_icon@2x.png */,
				18753F4C19CAD2C80096772B /* SignInViewController.h */,
				18753F4D19CAD2C80096772B /* SignInViewController.m */,
				1835CF6619CBF6E400B7DF9B /* RegisterViewController.h */,
				1835CF6719CBF6E400B7DF9B /* RegisterViewController.m */,
				188AAE4119D1625A008C292B /* FogetPasswordViewController.h */,
				188AAE4219D1625A008C292B /* FogetPasswordViewController.m */,
				18FC490119B963FD00C740FE /* ViewController.h */,
				18FC490219B963FD00C740FE /* ViewController.m */,
				1858D24319E3968E00E47E96 /* 侧边栏 */,
				185862A719B96DE300427D9E /* MainPageViewController.h */,
				185862A819B96DE300427D9E /* MainPageViewController.m */,
				1858D24419E396D200E47E96 /* MemberCenterViewController.h */,
				1858D24519E396D200E47E96 /* MemberCenterViewController.m */,
				1858D27919E3C18700E47E96 /* ChargeViewController.h */,
				1858D27A19E3C18700E47E96 /* ChargeViewController.m */,
				1858629E19B96AFA00427D9E /* CheckViewController.h */,
				1858629F19B96AFA00427D9E /* CheckViewController.m */,
				185862A119B96B0200427D9E /* PayViewController.h */,
				185862A219B96B0200427D9E /* PayViewController.m */,
				185862A419B96B0C00427D9E /* MoreViewController.h */,
				185862A519B96B0C00427D9E /* MoreViewController.m */,
				18FC490419B963FD00C740FE /* Main.storyboard */,
				1858D27019E3B4C500E47E96 /* TableViewCell */,
				18FC491D19B9648900C740FE /* DDMenuController.h */,
				18FC491E19B9648900C740FE /* DDMenuController.m */,
				1858D24719E397B500E47E96 /* 个人中心切JPG */,
				184F662619D273C7005212D9 /* 首页PNG2 */,
				18753F4F19CAD5AF0096772B /* 登录png */,
				18753F1719CA653E0096772B /* 首页png */,
				18FC490719B963FD00C740FE /* Images.xcassets */,
				18FC48FA19B963FD00C740FE /* Supporting Files */,
			);
			path = lianlianwin;
			sourceTree = "<group>";
		};
		18FC48FA19B963FD00C740FE /* Supporting Files */ = {
			isa = PBXGroup;
			children = (
				18FC48FB19B963FD00C740FE /* Info.plist */,
				18FC48FC19B963FD00C740FE /* main.m */,
			);
			name = "Supporting Files";
			sourceTree = "<group>";
		};
		18FC491019B963FD00C740FE /* lianlianwinTests */ = {
			isa = PBXGroup;
			children = (
				18FC491319B963FD00C740FE /* lianlianwinTests.m */,
				18FC491119B963FD00C740FE /* Supporting Files */,
			);
			path = lianlianwinTests;
			sourceTree = "<group>";
		};
		18FC491119B963FD00C740FE /* Supporting Files */ = {
			isa = PBXGroup;
			children = (
				18FC491219B963FD00C740FE /* Info.plist */,
			);
			name = "Supporting Files";
			sourceTree = "<group>";
		};
/* End PBXGroup section */

/* Begin PBXNativeTarget section */
		18FC48F619B963FD00C740FE /* LLY */ = {
			isa = PBXNativeTarget;
			buildConfigurationList = 18FC491719B963FD00C740FE /* Build configuration list for PBXNativeTarget "LLY" */;
			buildPhases = (
				18FC48F319B963FD00C740FE /* Sources */,
				18FC48F419B963FD00C740FE /* Frameworks */,
				18FC48F519B963FD00C740FE /* Resources */,
			);
			buildRules = (
			);
			dependencies = (
			);
			name = LLY;
			productName = lianlianwin;
			productReference = 18FC48F719B963FD00C740FE /* LLY.app */;
			productType = "com.apple.product-type.application";
		};
		18FC490C19B963FD00C740FE /* LLYTests */ = {
			isa = PBXNativeTarget;
			buildConfigurationList = 18FC491A19B963FD00C740FE /* Build configuration list for PBXNativeTarget "LLYTests" */;
			buildPhases = (
				18FC490919B963FD00C740FE /* Sources */,
				18FC490A19B963FD00C740FE /* Frameworks */,
				18FC490B19B963FD00C740FE /* Resources */,
			);
			buildRules = (
			);
			dependencies = (
				18FC490F19B963FD00C740FE /* PBXTargetDependency */,
			);
			name = LLYTests;
			productName = lianlianwinTests;
			productReference = 18FC490D19B963FD00C740FE /* LLYTests.xctest */;
			productType = "com.apple.product-type.bundle.unit-test";
		};
/* End PBXNativeTarget section */

/* Begin PBXProject section */
		18FC48EF19B963FD00C740FE /* Project object */ = {
			isa = PBXProject;
			attributes = {
				LastUpgradeCheck = 0600;
				ORGANIZATIONNAME = "___GWH___";
				TargetAttributes = {
					18FC48F619B963FD00C740FE = {
						CreatedOnToolsVersion = 6.0;
					};
					18FC490C19B963FD00C740FE = {
						CreatedOnToolsVersion = 6.0;
						TestTargetID = 18FC48F619B963FD00C740FE;
					};
				};
			};
			buildConfigurationList = 18FC48F219B963FD00C740FE /* Build configuration list for PBXProject "LLY" */;
			compatibilityVersion = "Xcode 3.2";
			developmentRegion = English;
			hasScannedForEncodings = 0;
			knownRegions = (
				en,
				Base,
			);
			mainGroup = 18FC48EE19B963FD00C740FE;
			productRefGroup = 18FC48F819B963FD00C740FE /* Products */;
			projectDirPath = "";
			projectRoot = "";
			targets = (
				18FC48F619B963FD00C740FE /* LLY */,
				18FC490C19B963FD00C740FE /* LLYTests */,
			);
		};
/* End PBXProject section */

/* Begin PBXResourcesBuildPhase section */
		18FC48F519B963FD00C740FE /* Resources */ = {
			isa = PBXResourcesBuildPhase;
			buildActionMask = 2147483647;
			files = (
				184F663419D273C8005212D9 /* al1.png in Resources */,
				18753F2C19CA653E0096772B /* banner.png in Resources */,
				1858D25A19E397B500E47E96 /* dhh.jpg in Resources */,
				184F664419D27455005212D9 /* gr.png in Resources */,
				1858D25E19E397B500E47E96 /* gx.jpg in Resources */,
				18753F2D19CA653E0096772B /* cpt.png in Resources */,
				1858D26F19E3B4B300E47E96 /* MyCell_MemberCenter.xib in Resources */,
				1858D26319E397B500E47E96 /* tx.jpg in Resources */,
				1858D27519E3BEAA00E47E96 /* gx.png in Resources */,
				18FC492719B9678600C740FE /* nav_menu_icon@2x.png in Resources */,
				184F664319D27455005212D9 /* dh.png in Resources */,
				18753F3D19CA653E0096772B /* tb_zb.png in Resources */,
				1858D26119E397B500E47E96 /* qb.jpg in Resources */,
				18753F5919CAD5AF0096772B /* sjmm.png in Resources */,
				1858D25F19E397B500E47E96 /* hd.jpg in Resources */,
				18FC492919B967AF00C740FE /* nav_menu_icon.png in Resources */,
				18753F3F19CA653E0096772B /* zjk.png in Resources */,
				1858D25819E397B500E47E96 /* cz.jpg in Resources */,
				1858D25919E397B500E47E96 /* dh.jpg in Resources */,
				18753F5C19CAD5AF0096772B /* yq_down.png in Resources */,
				18753F5B19CAD5AF0096772B /* yq.png in Resources */,
				1858D25D19E397B500E47E96 /* gr.jpg in Resources */,
				18753F3319CA653E0096772B /* ICO_09.png in Resources */,
				18753F3C19CA653E0096772B /* tb_yb.png in Resources */,
				18753F3119CA653E0096772B /* dbtb_48.png in Resources */,
				18753F3A19CA653E0096772B /* ICO_24.png in Resources */,
				184F663719D273C8005212D9 /* al4.png in Resources */,
				184F663F19D273C8005212D9 /* dk.png in Resources */,
				1858D27719E3BEAA00E47E96 /* qb.png in Resources */,
				1858D25B19E397B500E47E96 /* dhl.jpg in Resources */,
				18753F3919CA653E0096772B /* ICO_23.png in Resources */,
				184F663819D273C8005212D9 /* al5.png in Resources */,
				184F664019D273C8005212D9 /* xq.png in Resources */,
				184F663D19D273C8005212D9 /* bbcp.png in Resources */,
				1858D26219E397B500E47E96 /* sj.jpg in Resources */,
				18753F5819CAD5AF0096772B /* sjdl.png in Resources */,
				18753F2E19CA653E0096772B /* dbtb_40.png in Resources */,
				184F663519D273C8005212D9 /* al2.png in Resources */,
				184F663619D273C8005212D9 /* al3.png in Resources */,
				1858D26519E397B500E47E96 /* xx.jpg in Resources */,
				1858D26719E3995500E47E96 /* tx.png in Resources */,
				184F663C19D273C8005212D9 /* banner.png in Resources */,
				18753F3B19CA653E0096772B /* ss.png in Resources */,
				1858D27819E3BEAA00E47E96 /* sj.png in Resources */,
				184F663A19D273C8005212D9 /* al7.png in Resources */,
				18FC490619B963FD00C740FE /* Main.storyboard in Resources */,
				18753F5D19CAD5AF0096772B /* zck.png in Resources */,
				1858D26019E397B500E47E96 /* kf.jpg in Resources */,
				184F663B19D273C8005212D9 /* al8.png in Resources */,
				18753F3E19CA653E0096772B /* xk.png in Resources */,
				18753F2F19CA653E0096772B /* dbtb_42.png in Resources */,
				18753F3519CA653E0096772B /* ICO_13.png in Resources */,
				184F663919D273C8005212D9 /* al6.png in Resources */,
				1858D26419E397B500E47E96 /* xl.jpg in Resources */,
				18753F5F19CAD5AF0096772B /* zck3.png in Resources */,
				1858D25719E397B500E47E96 /* bj.jpg in Resources */,
				1858D25C19E397B500E47E96 /* dtx.jpg in Resources */,
				1835CF6A19CBF8D200B7DF9B /* xq.png in Resources */,
				18FC490819B963FD00C740FE /* Images.xcassets in Resources */,
				184AB61A19BE961D00BC803E /* MyCell.xib in Resources */,
				184F663E19D273C8005212D9 /* bbcp1.png in Resources */,
				18753F5A19CAD5AF0096772B /* x.png in Resources */,
				18753F5E19CAD5AF0096772B /* zck2.png in Resources */,
				18753F3719CA653E0096772B /* ICO_21.png in Resources */,
				18753F3619CA653E0096772B /* ICO_15.png in Resources */,
				1858D27619E3BEAA00E47E96 /* kf.png in Resources */,
				18753F3819CA653E0096772B /* ICO_22.png in Resources */,
				18753F3419CA653E0096772B /* ICO_11.png in Resources */,
				18753F3019CA653E0096772B /* dbtb_45.png in Resources */,
			);
			runOnlyForDeploymentPostprocessing = 0;
		};
		18FC490B19B963FD00C740FE /* Resources */ = {
			isa = PBXResourcesBuildPhase;
			buildActionMask = 2147483647;
			files = (
			);
			runOnlyForDeploymentPostprocessing = 0;
		};
/* End PBXResourcesBuildPhase section */

/* Begin PBXSourcesBuildPhase section */
		18FC48F319B963FD00C740FE /* Sources */ = {
			isa = PBXSourcesBuildPhase;
			buildActionMask = 2147483647;
			files = (
				1858D27B19E3C18700E47E96 /* ChargeViewController.m in Sources */,
				185862A919B96DE300427D9E /* MainPageViewController.m in Sources */,
				18FC490319B963FD00C740FE /* ViewController.m in Sources */,
				18FC492219B966AB00C740FE /* LeftViewController.m in Sources */,
				188AAE4319D1625A008C292B /* FogetPasswordViewController.m in Sources */,
				18FC490019B963FD00C740FE /* AppDelegate.m in Sources */,
				18753F4E19CAD2C80096772B /* SignInViewController.m in Sources */,
				18FC491F19B9648900C740FE /* DDMenuController.m in Sources */,
				185862A619B96B0C00427D9E /* MoreViewController.m in Sources */,
				18FC48FD19B963FD00C740FE /* main.m in Sources */,
				184AB61919BE961D00BC803E /* MyCell.m in Sources */,
				1835CF6819CBF6E400B7DF9B /* RegisterViewController.m in Sources */,
				1858D24619E396D200E47E96 /* MemberCenterViewController.m in Sources */,
				18FC492519B966B600C740FE /* RightViewController.m in Sources */,
				185862A019B96AFA00427D9E /* CheckViewController.m in Sources */,
				1858D26E19E3B4B300E47E96 /* MyCell_MemberCenter.m in Sources */,
				185862A319B96B0200427D9E /* PayViewController.m in Sources */,
			);
			runOnlyForDeploymentPostprocessing = 0;
		};
		18FC490919B963FD00C740FE /* Sources */ = {
			isa = PBXSourcesBuildPhase;
			buildActionMask = 2147483647;
			files = (
				18FC491419B963FD00C740FE /* lianlianwinTests.m in Sources */,
			);
			runOnlyForDeploymentPostprocessing = 0;
		};
/* End PBXSourcesBuildPhase section */

/* Begin PBXTargetDependency section */
		18FC490F19B963FD00C740FE /* PBXTargetDependency */ = {
			isa = PBXTargetDependency;
			target = 18FC48F619B963FD00C740FE /* LLY */;
			targetProxy = 18FC490E19B963FD00C740FE /* PBXContainerItemProxy */;
		};
/* End PBXTargetDependency section */

/* Begin PBXVariantGroup section */
		18FC490419B963FD00C740FE /* Main.storyboard */ = {
			isa = PBXVariantGroup;
			children = (
				18FC490519B963FD00C740FE /* Base */,
			);
			name = Main.storyboard;
			sourceTree = "<group>";
		};
/* End PBXVariantGroup section */

/* Begin XCBuildConfiguration section */
		18FC491519B963FD00C740FE /* Debug */ = {
			isa = XCBuildConfiguration;
			buildSettings = {
				ALWAYS_SEARCH_USER_PATHS = NO;
				CLANG_CXX_LANGUAGE_STANDARD = "gnu++0x";
				CLANG_CXX_LIBRARY = "libc++";
				CLANG_ENABLE_MODULES = YES;
				CLANG_ENABLE_OBJC_ARC = YES;
				CLANG_WARN_BOOL_CONVERSION = YES;
				CLANG_WARN_CONSTANT_CONVERSION = YES;
				CLANG_WARN_DIRECT_OBJC_ISA_USAGE = YES_ERROR;
				CLANG_WARN_EMPTY_BODY = YES;
				CLANG_WARN_ENUM_CONVERSION = YES;
				CLANG_WARN_INT_CONVERSION = YES;
				CLANG_WARN_OBJC_ROOT_CLASS = YES_ERROR;
				CLANG_WARN_UNREACHABLE_CODE = YES;
				CLANG_WARN__DUPLICATE_METHOD_MATCH = YES;
				"CODE_SIGN_IDENTITY[sdk=iphoneos*]" = "iPhone Developer";
				COPY_PHASE_STRIP = NO;
				ENABLE_STRICT_OBJC_MSGSEND = YES;
				GCC_C_LANGUAGE_STANDARD = gnu99;
				GCC_DYNAMIC_NO_PIC = NO;
				GCC_OPTIMIZATION_LEVEL = 0;
				GCC_PREPROCESSOR_DEFINITIONS = (
					"DEBUG=1",
					"$(inherited)",
				);
				GCC_SYMBOLS_PRIVATE_EXTERN = NO;
				GCC_WARN_64_TO_32_BIT_CONVERSION = YES;
				GCC_WARN_ABOUT_RETURN_TYPE = YES_ERROR;
				GCC_WARN_UNDECLARED_SELECTOR = YES;
				GCC_WARN_UNINITIALIZED_AUTOS = YES_AGGRESSIVE;
				GCC_WARN_UNUSED_FUNCTION = YES;
				GCC_WARN_UNUSED_VARIABLE = YES;
				IPHONEOS_DEPLOYMENT_TARGET = 8.0;
				METAL_ENABLE_DEBUG_INFO = YES;
				ONLY_ACTIVE_ARCH = YES;
				SDKROOT = iphoneos;
			};
			name = Debug;
		};
		18FC491619B963FD00C740FE /* Release */ = {
			isa = XCBuildConfiguration;
			buildSettings = {
				ALWAYS_SEARCH_USER_PATHS = NO;
				CLANG_CXX_LANGUAGE_STANDARD = "gnu++0x";
				CLANG_CXX_LIBRARY = "libc++";
				CLANG_ENABLE_MODULES = YES;
				CLANG_ENABLE_OBJC_ARC = YES;
				CLANG_WARN_BOOL_CONVERSION = YES;
				CLANG_WARN_CONSTANT_CONVERSION = YES;
				CLANG_WARN_DIRECT_OBJC_ISA_USAGE = YES_ERROR;
				CLANG_WARN_EMPTY_BODY = YES;
				CLANG_WARN_ENUM_CONVERSION = YES;
				CLANG_WARN_INT_CONVERSION = YES;
				CLANG_WARN_OBJC_ROOT_CLASS = YES_ERROR;
				CLANG_WARN_UNREACHABLE_CODE = YES;
				CLANG_WARN__DUPLICATE_METHOD_MATCH = YES;
				"CODE_SIGN_IDENTITY[sdk=iphoneos*]" = "iPhone Developer";
				COPY_PHASE_STRIP = YES;
				ENABLE_NS_ASSERTIONS = NO;
				ENABLE_STRICT_OBJC_MSGSEND = YES;
				GCC_C_LANGUAGE_STANDARD = gnu99;
				GCC_WARN_64_TO_32_BIT_CONVERSION = YES;
				GCC_WARN_ABOUT_RETURN_TYPE = YES_ERROR;
				GCC_WARN_UNDECLARED_SELECTOR = YES;
				GCC_WARN_UNINITIALIZED_AUTOS = YES_AGGRESSIVE;
				GCC_WARN_UNUSED_FUNCTION = YES;
				GCC_WARN_UNUSED_VARIABLE = YES;
				IPHONEOS_DEPLOYMENT_TARGET = 8.0;
				METAL_ENABLE_DEBUG_INFO = NO;
				SDKROOT = iphoneos;
				VALIDATE_PRODUCT = YES;
			};
			name = Release;
		};
		18FC491819B963FD00C740FE /* Debug */ = {
			isa = XCBuildConfiguration;
			buildSettings = {
				ASSETCATALOG_COMPILER_APPICON_NAME = AppIcon;
				ASSETCATALOG_COMPILER_LAUNCHIMAGE_NAME = LaunchImage;
				INFOPLIST_FILE = lianlianwin/Info.plist;
				IPHONEOS_DEPLOYMENT_TARGET = 6.0;
				LD_RUNPATH_SEARCH_PATHS = "$(inherited) @executable_path/Frameworks";
				PRODUCT_NAME = LLY;
			};
			name = Debug;
		};
		18FC491919B963FD00C740FE /* Release */ = {
			isa = XCBuildConfiguration;
			buildSettings = {
				ASSETCATALOG_COMPILER_APPICON_NAME = AppIcon;
				ASSETCATALOG_COMPILER_LAUNCHIMAGE_NAME = LaunchImage;
				INFOPLIST_FILE = lianlianwin/Info.plist;
				IPHONEOS_DEPLOYMENT_TARGET = 6.0;
				LD_RUNPATH_SEARCH_PATHS = "$(inherited) @executable_path/Frameworks";
				PRODUCT_NAME = LLY;
			};
			name = Release;
		};
		18FC491B19B963FD00C740FE /* Debug */ = {
			isa = XCBuildConfiguration;
			buildSettings = {
				BUNDLE_LOADER = "$(BUILT_PRODUCTS_DIR)/lianlianwin.app/lianlianwin";
				FRAMEWORK_SEARCH_PATHS = (
					"$(SDKROOT)/Developer/Library/Frameworks",
					"$(inherited)",
				);
				GCC_PREPROCESSOR_DEFINITIONS = (
					"DEBUG=1",
					"$(inherited)",
				);
				INFOPLIST_FILE = lianlianwinTests/Info.plist;
				IPHONEOS_DEPLOYMENT_TARGET = 7.0;
				LD_RUNPATH_SEARCH_PATHS = "$(inherited) @executable_path/Frameworks @loader_path/Frameworks";
				METAL_ENABLE_DEBUG_INFO = YES;
				PRODUCT_NAME = LLYTests;
				TEST_HOST = "$(BUNDLE_LOADER)";
			};
			name = Debug;
		};
		18FC491C19B963FD00C740FE /* Release */ = {
			isa = XCBuildConfiguration;
			buildSettings = {
				BUNDLE_LOADER = "$(BUILT_PRODUCTS_DIR)/lianlianwin.app/lianlianwin";
				FRAMEWORK_SEARCH_PATHS = (
					"$(SDKROOT)/Developer/Library/Frameworks",
					"$(inherited)",
				);
				INFOPLIST_FILE = lianlianwinTests/Info.plist;
				IPHONEOS_DEPLOYMENT_TARGET = 7.0;
				LD_RUNPATH_SEARCH_PATHS = "$(inherited) @executable_path/Frameworks @loader_path/Frameworks";
				METAL_ENABLE_DEBUG_INFO = NO;
				PRODUCT_NAME = LLYTests;
				TEST_HOST = "$(BUNDLE_LOADER)";
			};
			name = Release;
		};
/* End XCBuildConfiguration section */

/* Begin XCConfigurationList section */
		18FC48F219B963FD00C740FE /* Build configuration list for PBXProject "LLY" */ = {
			isa = XCConfigurationList;
			buildConfigurations = (
				18FC491519B963FD00C740FE /* Debug */,
				18FC491619B963FD00C740FE /* Release */,
			);
			defaultConfigurationIsVisible = 0;
			defaultConfigurationName = Release;
		};
		18FC491719B963FD00C740FE /* Build configuration list for PBXNativeTarget "LLY" */ = {
			isa = XCConfigurationList;
			buildConfigurations = (
				18FC491819B963FD00C740FE /* Debug */,
				18FC491919B963FD00C740FE /* Release */,
			);
			defaultConfigurationIsVisible = 0;
			defaultConfigurationName = Release;
		};
		18FC491A19B963FD00C740FE /* Build configuration list for PBXNativeTarget "LLYTests" */ = {
			isa = XCConfigurationList;
			buildConfigurations = (
				18FC491B19B963FD00C740FE /* Debug */,
				18FC491C19B963FD00C740FE /* Release */,
			);
			defaultConfigurationIsVisible = 0;
			defaultConfigurationName = Release;
		};
/* End XCConfigurationList section */
	};
	rootObject = 18FC48EF19B963FD00C740FE /* Project object */;
}
